
Microsoft Visual Studio Solution File, Format Version 12.00
# Visual Studio Version 16
VisualStudioVersion = 16.0.30503.244
MinimumVisualStudioVersion = 10.0.40219.1
Project("{9A19103F-16F7-4668-BE54-9A1E7A4F7556}") = "RestAPI", "FastTRVLRestAPI\RestAPI.csproj", "{557C5E58-B191-4F72-8D37-179506EC3FD0}"
EndProject
Project("{FAE04EC0-301F-11D3-BF4B-00C04F79EFBC}") = "BLL", "BLL\BLL.csproj", "{DC5FD910-72D7-4F75-9FA6-ADC9C961B6A8}"
EndProject
Project("{FAE04EC0-301F-11D3-BF4B-00C04F79EFBC}") = "DAL", "DAL\DAL.csproj", "{5C860F05-05F8-4ECB-81A9-E3AEA22F6518}"
EndProject
Global
	GlobalSection(SolutionConfigurationPlatforms) = preSolution
		Debug|Any CPU = Debug|Any CPU
		Release|Any CPU = Release|Any CPU
	EndGlobalSection
	GlobalSection(ProjectConfigurationPlatforms) = postSolution
		{557C5E58-B191-4F72-8D37-179506EC3FD0}.Debug|Any CPU.ActiveCfg = Debug|Any CPU
		{557C5E58-B191-4F72-8D37-179506EC3FD0}.Debug|Any CPU.Build.0 = Debug|Any CPU
		{557C5E58-B191-4F72-8D37-179506EC3FD0}.Release|Any CPU.ActiveCfg = Release|Any CPU
		{557C5E58-B191-4F72-8D37-179506EC3FD0}.Release|Any CPU.Build.0 = Release|Any CPU
		{DC5FD910-72D7-4F75-9FA6-ADC9C961B6A8}.Debug|Any CPU.ActiveCfg = Debug|Any CPU
		{DC5FD910-72D7-4F75-9FA6-ADC9C961B6A8}.Debug|Any CPU.Build.0 = Debug|Any CPU
		{DC5FD910-72D7-4F75-9FA6-ADC9C961B6A8}.Release|Any CPU.ActiveCfg = Release|Any CPU
		{DC5FD910-72D7-4F75-9FA6-ADC9C961B6A8}.Release|Any CPU.Build.0 = Release|Any CPU
		{5C860F05-05F8-4ECB-81A9-E3AEA22F6518}.Debug|Any CPU.ActiveCfg = Debug|Any CPU
		{5C860F05-05F8-4ECB-81A9-E3AEA22F6518}.Debug|Any CPU.Build.0 = Debug|Any CPU
		{5C860F05-05F8-4ECB-81A9-E3AEA22F6518}.Release|Any CPU.ActiveCfg = Release|Any CPU
		{5C860F05-05F8-4ECB-81A9-E3AEA22F6518}.Release|Any CPU.Build.0 = Release|Any CPU
	EndGlobalSection
	GlobalSection(SolutionProperties) = preSolution
		HideSolutionNode = FALSE
	EndGlobalSection
	GlobalSection(ExtensibilityGlobals) = postSolution
		SolutionGuid = {682715BF-AF4C-4E8E-A6DE-8F13477E5F58}
	EndGlobalSection
EndGlobal
